
Microsoft Visual Studio Solution File, Format Version 12.00
# Visual Studio Version 16
VisualStudioVersion = 16.0.31129.286
MinimumVisualStudioVersion = 10.0.40219.1
Project("{9A19103F-16F7-4668-BE54-9A1E7A4F7556}") = "Instaview", "Instaview\Instaview.csproj", "{C67D7C40-6AAE-488D-84CD-2616656B53B2}"
EndProject
Global
	GlobalSection(SolutionConfigurationPlatforms) = preSolution
		Debug|Any CPU = Debug|Any CPU
		Release|Any CPU = Release|Any CPU
	EndGlobalSection
	GlobalSection(ProjectConfigurationPlatforms) = postSolution
		{C67D7C40-6AAE-488D-84CD-2616656B53B2}.Debug|Any CPU.ActiveCfg = Debug|Any CPU
		{C67D7C40-6AAE-488D-84CD-2616656B53B2}.Debug|Any CPU.Build.0 = Debug|Any CPU
		{C67D7C40-6AAE-488D-84CD-2616656B53B2}.Release|Any CPU.ActiveCfg = Release|Any CPU
		{C67D7C40-6AAE-488D-84CD-2616656B53B2}.Release|Any CPU.Build.0 = Release|Any CPU
	EndGlobalSection
	GlobalSection(SolutionProperties) = preSolution
		HideSolutionNode = FALSE
	EndGlobalSection
	GlobalSection(ExtensibilityGlobals) = postSolution
		SolutionGuid = {899E0941-718B-4625-9E7C-960BB42AC69D}
	EndGlobalSection
EndGlobal
